
Microsoft Visual Studio Solution File, Format Version 12.00
# Visual Studio Version 16
VisualStudioVersion = 16.0.30011.22
MinimumVisualStudioVersion = 10.0.40219.1
Project("{FAE04EC0-301F-11D3-BF4B-00C04F79EFBC}") = "Cloud_Handson_7", "Cloud_Handson_7.csproj", "{18C5C822-125F-47E7-AB2E-8B2272FFEAA6}"
EndProject
Global
	GlobalSection(SolutionConfigurationPlatforms) = preSolution
		Debug|Any CPU = Debug|Any CPU
		Release|Any CPU = Release|Any CPU
	EndGlobalSection
	GlobalSection(ProjectConfigurationPlatforms) = postSolution
		{18C5C822-125F-47E7-AB2E-8B2272FFEAA6}.Debug|Any CPU.ActiveCfg = Debug|Any CPU
		{18C5C822-125F-47E7-AB2E-8B2272FFEAA6}.Debug|Any CPU.Build.0 = Debug|Any CPU
		{18C5C822-125F-47E7-AB2E-8B2272FFEAA6}.Release|Any CPU.ActiveCfg = Release|Any CPU
		{18C5C822-125F-47E7-AB2E-8B2272FFEAA6}.Release|Any CPU.Build.0 = Release|Any CPU
	EndGlobalSection
	GlobalSection(SolutionProperties) = preSolution
		HideSolutionNode = FALSE
	EndGlobalSection
	GlobalSection(ExtensibilityGlobals) = postSolution
		SolutionGuid = {FB20CA4E-5EE9-4F7F-9BC0-1D21FF300035}
	EndGlobalSection
EndGlobal
